
Microsoft Visual Studio Solution File, Format Version 12.00
# Visual Studio Version 17
VisualStudioVersion = 17.11.35327.3
MinimumVisualStudioVersion = 10.0.40219.1
Project("{FAE04EC0-301F-11D3-BF4B-00C04F79EFBC}") = "testeblazor2", "testeblazor2.csproj", "{06E58A13-729D-4EA9-8127-93EC385CA08B}"
EndProject
Global
	GlobalSection(SolutionConfigurationPlatforms) = preSolution
		Debug|Any CPU = Debug|Any CPU
		Release|Any CPU = Release|Any CPU
	EndGlobalSection
	GlobalSection(ProjectConfigurationPlatforms) = postSolution
		{06E58A13-729D-4EA9-8127-93EC385CA08B}.Debug|Any CPU.ActiveCfg = Debug|Any CPU
		{06E58A13-729D-4EA9-8127-93EC385CA08B}.Debug|Any CPU.Build.0 = Debug|Any CPU
		{06E58A13-729D-4EA9-8127-93EC385CA08B}.Release|Any CPU.ActiveCfg = Release|Any CPU
		{06E58A13-729D-4EA9-8127-93EC385CA08B}.Release|Any CPU.Build.0 = Release|Any CPU
	EndGlobalSection
	GlobalSection(SolutionProperties) = preSolution
		HideSolutionNode = FALSE
	EndGlobalSection
	GlobalSection(ExtensibilityGlobals) = postSolution
		SolutionGuid = {D266DBA0-8978-492F-9A14-372162225A3B}
	EndGlobalSection
EndGlobal
